
Microsoft Visual Studio Solution File, Format Version 12.00
# Visual Studio Version 17
VisualStudioVersion = 17.6.33723.286
MinimumVisualStudioVersion = 10.0.40219.1
Project("{2150E333-8FDC-42A3-9474-1A3956D46DE8}") = "01 Web", "01 Web", "{3919F5B1-7B59-4D48-A503-62F468300827}"
EndProject
Project("{2150E333-8FDC-42A3-9474-1A3956D46DE8}") = "02 Service", "02 Service", "{7F77BB6E-D224-4392-AD15-369A65DC28B0}"
EndProject
Project("{2150E333-8FDC-42A3-9474-1A3956D46DE8}") = "03 BusinessLogic", "03 BusinessLogic", "{A66EB95A-B077-484B-A887-09E8E96EF142}"
EndProject
Project("{2150E333-8FDC-42A3-9474-1A3956D46DE8}") = "04 Data", "04 Data", "{6E045AC7-F7CB-435B-8F87-79804A32FB63}"
EndProject
Project("{2150E333-8FDC-42A3-9474-1A3956D46DE8}") = "05 Shated", "05 Shated", "{8F43BED0-A5A7-4BCA-B56A-B1EDA1C06B43}"
EndProject
Project("{9A19103F-16F7-4668-BE54-9A1E7A4F7556}") = "Web.Api", "Web.Api\Web.Api.csproj", "{5E013C6C-8DC6-4961-A675-B418D54845BB}"
EndProject
Project("{9A19103F-16F7-4668-BE54-9A1E7A4F7556}") = "Data.AppContext", "Data.AppContext\Data.AppContext.csproj", "{53D78156-78D1-4D6E-910F-3C6D26D714E3}"
EndProject
Project("{FAE04EC0-301F-11D3-BF4B-00C04F79EFBC}") = "Shared.AppContext", "Shared.AppContext\Shared.AppContext.csproj", "{836A46C6-96B0-4AAA-9E0E-7A4BA7706F33}"
EndProject
Project("{FAE04EC0-301F-11D3-BF4B-00C04F79EFBC}") = "BusinessLogic.Shared", "BusinessLogic.Shared\BusinessLogic.Shared.csproj", "{0C9B1F5B-5343-492F-8ED7-422393CC9F1C}"
EndProject
Project("{FAE04EC0-301F-11D3-BF4B-00C04F79EFBC}") = "BusinessLogic.User", "BusinessLogic.User\BusinessLogic.User.csproj", "{5E6CEF31-BF54-474B-A231-A61DE18D7B81}"
EndProject
Project("{FAE04EC0-301F-11D3-BF4B-00C04F79EFBC}") = "Service.User", "Service.User\Service.User.csproj", "{7CC4989D-97F2-46C0-8080-6749206AE937}"
EndProject
Project("{FAE04EC0-301F-11D3-BF4B-00C04F79EFBC}") = "Shared.Http", "Shared.Http\Shared.Http.csproj", "{B35F2E71-DAE6-4B9A-9820-FC3F39605721}"
EndProject
Global
	GlobalSection(SolutionConfigurationPlatforms) = preSolution
		Debug|Any CPU = Debug|Any CPU
		Release|Any CPU = Release|Any CPU
	EndGlobalSection
	GlobalSection(ProjectConfigurationPlatforms) = postSolution
		{5E013C6C-8DC6-4961-A675-B418D54845BB}.Debug|Any CPU.ActiveCfg = Debug|Any CPU
		{5E013C6C-8DC6-4961-A675-B418D54845BB}.Debug|Any CPU.Build.0 = Debug|Any CPU
		{5E013C6C-8DC6-4961-A675-B418D54845BB}.Release|Any CPU.ActiveCfg = Release|Any CPU
		{5E013C6C-8DC6-4961-A675-B418D54845BB}.Release|Any CPU.Build.0 = Release|Any CPU
		{53D78156-78D1-4D6E-910F-3C6D26D714E3}.Debug|Any CPU.ActiveCfg = Debug|Any CPU
		{53D78156-78D1-4D6E-910F-3C6D26D714E3}.Debug|Any CPU.Build.0 = Debug|Any CPU
		{53D78156-78D1-4D6E-910F-3C6D26D714E3}.Release|Any CPU.ActiveCfg = Release|Any CPU
		{53D78156-78D1-4D6E-910F-3C6D26D714E3}.Release|Any CPU.Build.0 = Release|Any CPU
		{836A46C6-96B0-4AAA-9E0E-7A4BA7706F33}.Debug|Any CPU.ActiveCfg = Debug|Any CPU
		{836A46C6-96B0-4AAA-9E0E-7A4BA7706F33}.Debug|Any CPU.Build.0 = Debug|Any CPU
		{836A46C6-96B0-4AAA-9E0E-7A4BA7706F33}.Release|Any CPU.ActiveCfg = Release|Any CPU
		{836A46C6-96B0-4AAA-9E0E-7A4BA7706F33}.Release|Any CPU.Build.0 = Release|Any CPU
		{0C9B1F5B-5343-492F-8ED7-422393CC9F1C}.Debug|Any CPU.ActiveCfg = Debug|Any CPU
		{0C9B1F5B-5343-492F-8ED7-422393CC9F1C}.Debug|Any CPU.Build.0 = Debug|Any CPU
		{0C9B1F5B-5343-492F-8ED7-422393CC9F1C}.Release|Any CPU.ActiveCfg = Release|Any CPU
		{0C9B1F5B-5343-492F-8ED7-422393CC9F1C}.Release|Any CPU.Build.0 = Release|Any CPU
		{5E6CEF31-BF54-474B-A231-A61DE18D7B81}.Debug|Any CPU.ActiveCfg = Debug|Any CPU
		{5E6CEF31-BF54-474B-A231-A61DE18D7B81}.Debug|Any CPU.Build.0 = Debug|Any CPU
		{5E6CEF31-BF54-474B-A231-A61DE18D7B81}.Release|Any CPU.ActiveCfg = Release|Any CPU
		{5E6CEF31-BF54-474B-A231-A61DE18D7B81}.Release|Any CPU.Build.0 = Release|Any CPU
		{7CC4989D-97F2-46C0-8080-6749206AE937}.Debug|Any CPU.ActiveCfg = Debug|Any CPU
		{7CC4989D-97F2-46C0-8080-6749206AE937}.Debug|Any CPU.Build.0 = Debug|Any CPU
		{7CC4989D-97F2-46C0-8080-6749206AE937}.Release|Any CPU.ActiveCfg = Release|Any CPU
		{7CC4989D-97F2-46C0-8080-6749206AE937}.Release|Any CPU.Build.0 = Release|Any CPU
		{B35F2E71-DAE6-4B9A-9820-FC3F39605721}.Debug|Any CPU.ActiveCfg = Debug|Any CPU
		{B35F2E71-DAE6-4B9A-9820-FC3F39605721}.Debug|Any CPU.Build.0 = Debug|Any CPU
		{B35F2E71-DAE6-4B9A-9820-FC3F39605721}.Release|Any CPU.ActiveCfg = Release|Any CPU
		{B35F2E71-DAE6-4B9A-9820-FC3F39605721}.Release|Any CPU.Build.0 = Release|Any CPU
	EndGlobalSection
	GlobalSection(SolutionProperties) = preSolution
		HideSolutionNode = FALSE
	EndGlobalSection
	GlobalSection(NestedProjects) = preSolution
		{5E013C6C-8DC6-4961-A675-B418D54845BB} = {3919F5B1-7B59-4D48-A503-62F468300827}
		{53D78156-78D1-4D6E-910F-3C6D26D714E3} = {6E045AC7-F7CB-435B-8F87-79804A32FB63}
		{836A46C6-96B0-4AAA-9E0E-7A4BA7706F33} = {8F43BED0-A5A7-4BCA-B56A-B1EDA1C06B43}
		{0C9B1F5B-5343-492F-8ED7-422393CC9F1C} = {A66EB95A-B077-484B-A887-09E8E96EF142}
		{5E6CEF31-BF54-474B-A231-A61DE18D7B81} = {A66EB95A-B077-484B-A887-09E8E96EF142}
		{7CC4989D-97F2-46C0-8080-6749206AE937} = {7F77BB6E-D224-4392-AD15-369A65DC28B0}
		{B35F2E71-DAE6-4B9A-9820-FC3F39605721} = {8F43BED0-A5A7-4BCA-B56A-B1EDA1C06B43}
	EndGlobalSection
	GlobalSection(ExtensibilityGlobals) = postSolution
		SolutionGuid = {16173D0C-2871-4003-83E8-6705E496BA1D}
	EndGlobalSection
EndGlobal
